// !$*UTF8*$!
{
	archiveVersion = 1;
	classes = {
	};
	objectVersion = 56;
	objects = {

/* Begin PBXBuildFile section */
		1A7C3BDC2A26329800781D4B /* AppDelegate.swift in Sources */ = {isa = PBXBuildFile; fileRef = 1A7C3BDB2A26329800781D4B /* AppDelegate.swift */; };
		1A7C3BDE2A26329800781D4B /* SceneDelegate.swift in Sources */ = {isa = PBXBuildFile; fileRef = 1A7C3BDD2A26329800781D4B /* SceneDelegate.swift */; };
		1A7C3BE02A26329800781D4B /* ViewController.swift in Sources */ = {isa = PBXBuildFile; fileRef = 1A7C3BDF2A26329800781D4B /* ViewController.swift */; };
		1A7C3BE52A26329900781D4B /* Assets.xcassets in Resources */ = {isa = PBXBuildFile; fileRef = 1A7C3BE42A26329900781D4B /* Assets.xcassets */; };
		1A7C3BE82A26329900781D4B /* LaunchScreen.storyboard in Resources */ = {isa = PBXBuildFile; fileRef = 1A7C3BE62A26329900781D4B /* LaunchScreen.storyboard */; };
		1A7C3BF82A2646BA00781D4B /* SnapKit in Frameworks */ = {isa = PBXBuildFile; productRef = 1A7C3BF72A2646BA00781D4B /* SnapKit */; };
		1A7C3BFB2A26480D00781D4B /* Cell.swift in Sources */ = {isa = PBXBuildFile; fileRef = 1A7C3BFA2A26480D00781D4B /* Cell.swift */; };
		1A7C3BFD2A26481900781D4B /* DataSource.swift in Sources */ = {isa = PBXBuildFile; fileRef = 1A7C3BFC2A26481900781D4B /* DataSource.swift */; };
		1A7C3BFF2A26482000781D4B /* Delegate.swift in Sources */ = {isa = PBXBuildFile; fileRef = 1A7C3BFE2A26482000781D4B /* Delegate.swift */; };
		1A7C3C022A264D2000781D4B /* Kingfisher in Frameworks */ = {isa = PBXBuildFile; productRef = 1A7C3C012A264D2000781D4B /* Kingfisher */; };
		1A7C3C052A264FAB00781D4B /* ObjectMapper in Frameworks */ = {isa = PBXBuildFile; productRef = 1A7C3C042A264FAB00781D4B /* ObjectMapper */; };
		1A7C3C092A26534800781D4B /* Moya in Frameworks */ = {isa = PBXBuildFile; productRef = 1A7C3C082A26534800781D4B /* Moya */; };
		1A7C3C0C2A26537B00781D4B /* NetworkManager.swift in Sources */ = {isa = PBXBuildFile; fileRef = 1A7C3C0B2A26537B00781D4B /* NetworkManager.swift */; };
		1A7C3C0E2A26566500781D4B /* RickModel.swift in Sources */ = {isa = PBXBuildFile; fileRef = 1A7C3C0D2A26566500781D4B /* RickModel.swift */; };
		1A7C3C112A26574100781D4B /* ViewModel.swift in Sources */ = {isa = PBXBuildFile; fileRef = 1A7C3C102A26574100781D4B /* ViewModel.swift */; };
/* End PBXBuildFile section */

/* Begin PBXFileReference section */
		1A7C3BD82A26329800781D4B /* SkillFactorySobes.app */ = {isa = PBXFileReference; explicitFileType = wrapper.application; includeInIndex = 0; path = SkillFactorySobes.app; sourceTree = BUILT_PRODUCTS_DIR; };
		1A7C3BDB2A26329800781D4B /* AppDelegate.swift */ = {isa = PBXFileReference; lastKnownFileType = sourcecode.swift; path = AppDelegate.swift; sourceTree = "<group>"; };
		1A7C3BDD2A26329800781D4B /* SceneDelegate.swift */ = {isa = PBXFileReference; lastKnownFileType = sourcecode.swift; path = SceneDelegate.swift; sourceTree = "<group>"; };
		1A7C3BDF2A26329800781D4B /* ViewController.swift */ = {isa = PBXFileReference; lastKnownFileType = sourcecode.swift; path = ViewController.swift; sourceTree = "<group>"; };
		1A7C3BE42A26329900781D4B /* Assets.xcassets */ = {isa = PBXFileReference; lastKnownFileType = folder.assetcatalog; path = Assets.xcassets; sourceTree = "<group>"; };
		1A7C3BE72A26329900781D4B /* Base */ = {isa = PBXFileReference; lastKnownFileType = file.storyboard; name = Base; path = Base.lproj/LaunchScreen.storyboard; sourceTree = "<group>"; };
		1A7C3BE92A26329900781D4B /* Info.plist */ = {isa = PBXFileReference; lastKnownFileType = text.plist.xml; path = Info.plist; sourceTree = "<group>"; };
		1A7C3BFA2A26480D00781D4B /* Cell.swift */ = {isa = PBXFileReference; lastKnownFileType = sourcecode.swift; path = Cell.swift; sourceTree = "<group>"; };
		1A7C3BFC2A26481900781D4B /* DataSource.swift */ = {isa = PBXFileReference; lastKnownFileType = sourcecode.swift; path = DataSource.swift; sourceTree = "<group>"; };
		1A7C3BFE2A26482000781D4B /* Delegate.swift */ = {isa = PBXFileReference; lastKnownFileType = sourcecode.swift; path = Delegate.swift; sourceTree = "<group>"; };
		1A7C3C0B2A26537B00781D4B /* NetworkManager.swift */ = {isa = PBXFileReference; lastKnownFileType = sourcecode.swift; path = NetworkManager.swift; sourceTree = "<group>"; };
		1A7C3C0D2A26566500781D4B /* RickModel.swift */ = {isa = PBXFileReference; lastKnownFileType = sourcecode.swift; path = RickModel.swift; sourceTree = "<group>"; };
		1A7C3C102A26574100781D4B /* ViewModel.swift */ = {isa = PBXFileReference; lastKnownFileType = sourcecode.swift; path = ViewModel.swift; sourceTree = "<group>"; };
/* End PBXFileReference section */

/* Begin PBXFrameworksBuildPhase section */
		1A7C3BD52A26329800781D4B /* Frameworks */ = {
			isa = PBXFrameworksBuildPhase;
			buildActionMask = 2147483647;
			files = (
				1A7C3C052A264FAB00781D4B /* ObjectMapper in Frameworks */,
				1A7C3C022A264D2000781D4B /* Kingfisher in Frameworks */,
				1A7C3C092A26534800781D4B /* Moya in Frameworks */,
				1A7C3BF82A2646BA00781D4B /* SnapKit in Frameworks */,
			);
			runOnlyForDeploymentPostprocessing = 0;
		};
/* End PBXFrameworksBuildPhase section */

/* Begin PBXGroup section */
		1A7C3BCF2A26329800781D4B = {
			isa = PBXGroup;
			children = (
				1A7C3BDA2A26329800781D4B /* SkillFactorySobes */,
				1A7C3BD92A26329800781D4B /* Products */,
			);
			sourceTree = "<group>";
		};
		1A7C3BD92A26329800781D4B /* Products */ = {
			isa = PBXGroup;
			children = (
				1A7C3BD82A26329800781D4B /* SkillFactorySobes.app */,
			);
			name = Products;
			sourceTree = "<group>";
		};
		1A7C3BDA2A26329800781D4B /* SkillFactorySobes */ = {
			isa = PBXGroup;
			children = (
				1A7C3BF12A26330C00781D4B /* Application */,
				1A7C3C0A2A26536200781D4B /* NetworkManager */,
				1A7C3BF02A2632B900781D4B /* Resources */,
				1A7C3BF22A26333500781D4B /* Screen */,
				1A7C3BEF2A2632A300781D4B /* SupportingFile */,
			);
			path = SkillFactorySobes;
			sourceTree = "<group>";
		};
		1A7C3BEF2A2632A300781D4B /* SupportingFile */ = {
			isa = PBXGroup;
			children = (
				1A7C3BE92A26329900781D4B /* Info.plist */,
				1A7C3BE62A26329900781D4B /* LaunchScreen.storyboard */,
			);
			path = SupportingFile;
			sourceTree = "<group>";
		};
		1A7C3BF02A2632B900781D4B /* Resources */ = {
			isa = PBXGroup;
			children = (
				1A7C3BE42A26329900781D4B /* Assets.xcassets */,
			);
			path = Resources;
			sourceTree = "<group>";
		};
		1A7C3BF12A26330C00781D4B /* Application */ = {
			isa = PBXGroup;
			children = (
				1A7C3BDD2A26329800781D4B /* SceneDelegate.swift */,
				1A7C3BDB2A26329800781D4B /* AppDelegate.swift */,
			);
			path = Application;
			sourceTree = "<group>";
		};
		1A7C3BF22A26333500781D4B /* Screen */ = {
			isa = PBXGroup;
			children = (
				1A7C3C0F2A26567000781D4B /* Models */,
				1A7C3BF92A2647F600781D4B /* Views */,
				1A7C3BF32A26334A00781D4B /* Controllers */,
			);
			path = Screen;
			sourceTree = "<group>";
		};
		1A7C3BF32A26334A00781D4B /* Controllers */ = {
			isa = PBXGroup;
			children = (
				1A7C3BDF2A26329800781D4B /* ViewController.swift */,
				1A7C3C102A26574100781D4B /* ViewModel.swift */,
			);
			path = Controllers;
			sourceTree = "<group>";
		};
		1A7C3BF92A2647F600781D4B /* Views */ = {
			isa = PBXGroup;
			children = (
				1A7C3BFA2A26480D00781D4B /* Cell.swift */,
				1A7C3BFC2A26481900781D4B /* DataSource.swift */,
				1A7C3BFE2A26482000781D4B /* Delegate.swift */,
			);
			path = Views;
			sourceTree = "<group>";
		};
		1A7C3C0A2A26536200781D4B /* NetworkManager */ = {
			isa = PBXGroup;
			children = (
				1A7C3C0B2A26537B00781D4B /* NetworkManager.swift */,
			);
			path = NetworkManager;
			sourceTree = "<group>";
		};
		1A7C3C0F2A26567000781D4B /* Models */ = {
			isa = PBXGroup;
			children = (
				1A7C3C0D2A26566500781D4B /* RickModel.swift */,
			);
			path = Models;
			sourceTree = "<group>";
		};
/* End PBXGroup section */

/* Begin PBXNativeTarget section */
		1A7C3BD72A26329800781D4B /* SkillFactorySobes */ = {
			isa = PBXNativeTarget;
			buildConfigurationList = 1A7C3BEC2A26329900781D4B /* Build configuration list for PBXNativeTarget "SkillFactorySobes" */;
			buildPhases = (
				1A7C3BD42A26329800781D4B /* Sources */,
				1A7C3BD52A26329800781D4B /* Frameworks */,
				1A7C3BD62A26329800781D4B /* Resources */,
			);
			buildRules = (
			);
			dependencies = (
			);
			name = SkillFactorySobes;
			packageProductDependencies = (
				1A7C3BF72A2646BA00781D4B /* SnapKit */,
				1A7C3C012A264D2000781D4B /* Kingfisher */,
				1A7C3C042A264FAB00781D4B /* ObjectMapper */,
				1A7C3C082A26534800781D4B /* Moya */,
			);
			productName = SkillFactorySobes;
			productReference = 1A7C3BD82A26329800781D4B /* SkillFactorySobes.app */;
			productType = "com.apple.product-type.application";
		};
/* End PBXNativeTarget section */

/* Begin PBXProject section */
		1A7C3BD02A26329800781D4B /* Project object */ = {
			isa = PBXProject;
			attributes = {
				BuildIndependentTargetsInParallel = 1;
				LastSwiftUpdateCheck = 1420;
				LastUpgradeCheck = 1420;
				TargetAttributes = {
					1A7C3BD72A26329800781D4B = {
						CreatedOnToolsVersion = 14.2;
					};
				};
			};
			buildConfigurationList = 1A7C3BD32A26329800781D4B /* Build configuration list for PBXProject "SkillFactorySobes" */;
			compatibilityVersion = "Xcode 14.0";
			developmentRegion = en;
			hasScannedForEncodings = 0;
			knownRegions = (
				en,
				Base,
			);
			mainGroup = 1A7C3BCF2A26329800781D4B;
			packageReferences = (
				1A7C3BF62A2646BA00781D4B /* XCRemoteSwiftPackageReference "SnapKit" */,
				1A7C3C002A264D2000781D4B /* XCRemoteSwiftPackageReference "Kingfisher" */,
				1A7C3C032A264FAB00781D4B /* XCRemoteSwiftPackageReference "ObjectMapper" */,
				1A7C3C072A26534800781D4B /* XCRemoteSwiftPackageReference "Moya" */,
			);
			productRefGroup = 1A7C3BD92A26329800781D4B /* Products */;
			projectDirPath = "";
			projectRoot = "";
			targets = (
				1A7C3BD72A26329800781D4B /* SkillFactorySobes */,
			);
		};
/* End PBXProject section */

/* Begin PBXResourcesBuildPhase section */
		1A7C3BD62A26329800781D4B /* Resources */ = {
			isa = PBXResourcesBuildPhase;
			buildActionMask = 2147483647;
			files = (
				1A7C3BE82A26329900781D4B /* LaunchScreen.storyboard in Resources */,
				1A7C3BE52A26329900781D4B /* Assets.xcassets in Resources */,
			);
			runOnlyForDeploymentPostprocessing = 0;
		};
/* End PBXResourcesBuildPhase section */

/* Begin PBXSourcesBuildPhase section */
		1A7C3BD42A26329800781D4B /* Sources */ = {
			isa = PBXSourcesBuildPhase;
			buildActionMask = 2147483647;
			files = (
				1A7C3BFF2A26482000781D4B /* Delegate.swift in Sources */,
				1A7C3C112A26574100781D4B /* ViewModel.swift in Sources */,
				1A7C3BE02A26329800781D4B /* ViewController.swift in Sources */,
				1A7C3BFB2A26480D00781D4B /* Cell.swift in Sources */,
				1A7C3C0C2A26537B00781D4B /* NetworkManager.swift in Sources */,
				1A7C3BDC2A26329800781D4B /* AppDelegate.swift in Sources */,
				1A7C3BFD2A26481900781D4B /* DataSource.swift in Sources */,
				1A7C3BDE2A26329800781D4B /* SceneDelegate.swift in Sources */,
				1A7C3C0E2A26566500781D4B /* RickModel.swift in Sources */,
			);
			runOnlyForDeploymentPostprocessing = 0;
		};
/* End PBXSourcesBuildPhase section */

/* Begin PBXVariantGroup section */
		1A7C3BE62A26329900781D4B /* LaunchScreen.storyboard */ = {
			isa = PBXVariantGroup;
			children = (
				1A7C3BE72A26329900781D4B /* Base */,
			);
			name = LaunchScreen.storyboard;
			sourceTree = "<group>";
		};
/* End PBXVariantGroup section */

/* Begin XCBuildConfiguration section */
		1A7C3BEA2A26329900781D4B /* Debug */ = {
			isa = XCBuildConfiguration;
			buildSettings = {
				ALWAYS_SEARCH_USER_PATHS = NO;
				CLANG_ANALYZER_NONNULL = YES;
				CLANG_ANALYZER_NUMBER_OBJECT_CONVERSION = YES_AGGRESSIVE;
				CLANG_CXX_LANGUAGE_STANDARD = "gnu++20";
				CLANG_ENABLE_MODULES = YES;
				CLANG_ENABLE_OBJC_ARC = YES;
				CLANG_ENABLE_OBJC_WEAK = YES;
				CLANG_WARN_BLOCK_CAPTURE_AUTORELEASING = YES;
				CLANG_WARN_BOOL_CONVERSION = YES;
				CLANG_WARN_COMMA = YES;
				CLANG_WARN_CONSTANT_CONVERSION = YES;
				CLANG_WARN_DEPRECATED_OBJC_IMPLEMENTATIONS = YES;
				CLANG_WARN_DIRECT_OBJC_ISA_USAGE = YES_ERROR;
				CLANG_WARN_DOCUMENTATION_COMMENTS = YES;
				CLANG_WARN_EMPTY_BODY = YES;
				CLANG_WARN_ENUM_CONVERSION = YES;
				CLANG_WARN_INFINITE_RECURSION = YES;
				CLANG_WARN_INT_CONVERSION = YES;
				CLANG_WARN_NON_LITERAL_NULL_CONVERSION = YES;
				CLANG_WARN_OBJC_IMPLICIT_RETAIN_SELF = YES;
				CLANG_WARN_OBJC_LITERAL_CONVERSION = YES;
				CLANG_WARN_OBJC_ROOT_CLASS = YES_ERROR;
				CLANG_WARN_QUOTED_INCLUDE_IN_FRAMEWORK_HEADER = YES;
				CLANG_WARN_RANGE_LOOP_ANALYSIS = YES;
				CLANG_WARN_STRICT_PROTOTYPES = YES;
				CLANG_WARN_SUSPICIOUS_MOVE = YES;
				CLANG_WARN_UNGUARDED_AVAILABILITY = YES_AGGRESSIVE;
				CLANG_WARN_UNREACHABLE_CODE = YES;
				CLANG_WARN__DUPLICATE_METHOD_MATCH = YES;
				COPY_PHASE_STRIP = NO;
				DEBUG_INFORMATION_FORMAT = dwarf;
				ENABLE_STRICT_OBJC_MSGSEND = YES;
				ENABLE_TESTABILITY = YES;
				GCC_C_LANGUAGE_STANDARD = gnu11;
				GCC_DYNAMIC_NO_PIC = NO;
				GCC_NO_COMMON_BLOCKS = YES;
				GCC_OPTIMIZATION_LEVEL = 0;
				GCC_PREPROCESSOR_DEFINITIONS = (
					"DEBUG=1",
					"$(inherited)",
				);
				GCC_WARN_64_TO_32_BIT_CONVERSION = YES;
				GCC_WARN_ABOUT_RETURN_TYPE = YES_ERROR;
				GCC_WARN_UNDECLARED_SELECTOR = YES;
				GCC_WARN_UNINITIALIZED_AUTOS = YES_AGGRESSIVE;
				GCC_WARN_UNUSED_FUNCTION = YES;
				GCC_WARN_UNUSED_VARIABLE = YES;
				IPHONEOS_DEPLOYMENT_TARGET = 15.0;
				MTL_ENABLE_DEBUG_INFO = INCLUDE_SOURCE;
				MTL_FAST_MATH = YES;
				ONLY_ACTIVE_ARCH = YES;
				SDKROOT = iphoneos;
				SWIFT_ACTIVE_COMPILATION_CONDITIONS = DEBUG;
				SWIFT_OPTIMIZATION_LEVEL = "-Onone";
			};
			name = Debug;
		};
		1A7C3BEB2A26329900781D4B /* Release */ = {
			isa = XCBuildConfiguration;
			buildSettings = {
				ALWAYS_SEARCH_USER_PATHS = NO;
				CLANG_ANALYZER_NONNULL = YES;
				CLANG_ANALYZER_NUMBER_OBJECT_CONVERSION = YES_AGGRESSIVE;
				CLANG_CXX_LANGUAGE_STANDARD = "gnu++20";
				CLANG_ENABLE_MODULES = YES;
				CLANG_ENABLE_OBJC_ARC = YES;
				CLANG_ENABLE_OBJC_WEAK = YES;
				CLANG_WARN_BLOCK_CAPTURE_AUTORELEASING = YES;
				CLANG_WARN_BOOL_CONVERSION = YES;
				CLANG_WARN_COMMA = YES;
				CLANG_WARN_CONSTANT_CONVERSION = YES;
				CLANG_WARN_DEPRECATED_OBJC_IMPLEMENTATIONS = YES;
				CLANG_WARN_DIRECT_OBJC_ISA_USAGE = YES_ERROR;
				CLANG_WARN_DOCUMENTATION_COMMENTS = YES;
				CLANG_WARN_EMPTY_BODY = YES;
				CLANG_WARN_ENUM_CONVERSION = YES;
				CLANG_WARN_INFINITE_RECURSION = YES;
				CLANG_WARN_INT_CONVERSION = YES;
				CLANG_WARN_NON_LITERAL_NULL_CONVERSION = YES;
				CLANG_WARN_OBJC_IMPLICIT_RETAIN_SELF = YES;
				CLANG_WARN_OBJC_LITERAL_CONVERSION = YES;
				CLANG_WARN_OBJC_ROOT_CLASS = YES_ERROR;
				CLANG_WARN_QUOTED_INCLUDE_IN_FRAMEWORK_HEADER = YES;
				CLANG_WARN_RANGE_LOOP_ANALYSIS = YES;
				CLANG_WARN_STRICT_PROTOTYPES = YES;
				CLANG_WARN_SUSPICIOUS_MOVE = YES;
				CLANG_WARN_UNGUARDED_AVAILABILITY = YES_AGGRESSIVE;
				CLANG_WARN_UNREACHABLE_CODE = YES;
				CLANG_WARN__DUPLICATE_METHOD_MATCH = YES;
				COPY_PHASE_STRIP = NO;
				DEBUG_INFORMATION_FORMAT = "dwarf-with-dsym";
				ENABLE_NS_ASSERTIONS = NO;
				ENABLE_STRICT_OBJC_MSGSEND = YES;
				GCC_C_LANGUAGE_STANDARD = gnu11;
				GCC_NO_COMMON_BLOCKS = YES;
				GCC_WARN_64_TO_32_BIT_CONVERSION = YES;
				GCC_WARN_ABOUT_RETURN_TYPE = YES_ERROR;
				GCC_WARN_UNDECLARED_SELECTOR = YES;
				GCC_WARN_UNINITIALIZED_AUTOS = YES_AGGRESSIVE;
				GCC_WARN_UNUSED_FUNCTION = YES;
				GCC_WARN_UNUSED_VARIABLE = YES;
				IPHONEOS_DEPLOYMENT_TARGET = 15.0;
				MTL_ENABLE_DEBUG_INFO = NO;
				MTL_FAST_MATH = YES;
				SDKROOT = iphoneos;
				SWIFT_COMPILATION_MODE = wholemodule;
				SWIFT_OPTIMIZATION_LEVEL = "-O";
				VALIDATE_PRODUCT = YES;
			};
			name = Release;
		};
		1A7C3BED2A26329900781D4B /* Debug */ = {
			isa = XCBuildConfiguration;
			buildSettings = {
				ASSETCATALOG_COMPILER_APPICON_NAME = AppIcon;
				ASSETCATALOG_COMPILER_GLOBAL_ACCENT_COLOR_NAME = AccentColor;
				CODE_SIGN_STYLE = Automatic;
				CURRENT_PROJECT_VERSION = 1;
				DEVELOPMENT_TEAM = 2TFP9B86SX;
				GENERATE_INFOPLIST_FILE = YES;
				INFOPLIST_FILE = SkillFactorySobes/SupportingFile/Info.plist;
				INFOPLIST_KEY_UIApplicationSupportsIndirectInputEvents = YES;
				INFOPLIST_KEY_UILaunchStoryboardName = LaunchScreen;
				INFOPLIST_KEY_UISupportedInterfaceOrientations_iPad = "UIInterfaceOrientationPortrait UIInterfaceOrientationPortraitUpsideDown UIInterfaceOrientationLandscapeLeft UIInterfaceOrientationLandscapeRight";
				INFOPLIST_KEY_UISupportedInterfaceOrientations_iPhone = "UIInterfaceOrientationPortrait UIInterfaceOrientationLandscapeLeft UIInterfaceOrientationLandscapeRight";
				IPHONEOS_DEPLOYMENT_TARGET = 15.0;
				LD_RUNPATH_SEARCH_PATHS = (
					"$(inherited)",
					"@executable_path/Frameworks",
				);
				MARKETING_VERSION = 1.0;
				PRODUCT_BUNDLE_IDENTIFIER = "com.tarasenko.ivan-icloud.SkillFactorySobes";
				PRODUCT_NAME = "$(TARGET_NAME)";
				SWIFT_EMIT_LOC_STRINGS = YES;
				SWIFT_VERSION = 5.0;
				TARGETED_DEVICE_FAMILY = "1,2";
			};
			name = Debug;
		};
		1A7C3BEE2A26329900781D4B /* Release */ = {
			isa = XCBuildConfiguration;
			buildSettings = {
				ASSETCATALOG_COMPILER_APPICON_NAME = AppIcon;
				ASSETCATALOG_COMPILER_GLOBAL_ACCENT_COLOR_NAME = AccentColor;
				CODE_SIGN_STYLE = Automatic;
				CURRENT_PROJECT_VERSION = 1;
				DEVELOPMENT_TEAM = 2TFP9B86SX;
				GENERATE_INFOPLIST_FILE = YES;
				INFOPLIST_FILE = SkillFactorySobes/SupportingFile/Info.plist;
				INFOPLIST_KEY_UIApplicationSupportsIndirectInputEvents = YES;
				INFOPLIST_KEY_UILaunchStoryboardName = LaunchScreen;
				INFOPLIST_KEY_UISupportedInterfaceOrientations_iPad = "UIInterfaceOrientationPortrait UIInterfaceOrientationPortraitUpsideDown UIInterfaceOrientationLandscapeLeft UIInterfaceOrientationLandscapeRight";
				INFOPLIST_KEY_UISupportedInterfaceOrientations_iPhone = "UIInterfaceOrientationPortrait UIInterfaceOrientationLandscapeLeft UIInterfaceOrientationLandscapeRight";
				IPHONEOS_DEPLOYMENT_TARGET = 15.0;
				LD_RUNPATH_SEARCH_PATHS = (
					"$(inherited)",
					"@executable_path/Frameworks",
				);
				MARKETING_VERSION = 1.0;
				PRODUCT_BUNDLE_IDENTIFIER = "com.tarasenko.ivan-icloud.SkillFactorySobes";
				PRODUCT_NAME = "$(TARGET_NAME)";
				SWIFT_EMIT_LOC_STRINGS = YES;
				SWIFT_VERSION = 5.0;
				TARGETED_DEVICE_FAMILY = "1,2";
			};
			name = Release;
		};
/* End XCBuildConfiguration section */

/* Begin XCConfigurationList section */
		1A7C3BD32A26329800781D4B /* Build configuration list for PBXProject "SkillFactorySobes" */ = {
			isa = XCConfigurationList;
			buildConfigurations = (
				1A7C3BEA2A26329900781D4B /* Debug */,
				1A7C3BEB2A26329900781D4B /* Release */,
			);
			defaultConfigurationIsVisible = 0;
			defaultConfigurationName = Release;
		};
		1A7C3BEC2A26329900781D4B /* Build configuration list for PBXNativeTarget "SkillFactorySobes" */ = {
			isa = XCConfigurationList;
			buildConfigurations = (
				1A7C3BED2A26329900781D4B /* Debug */,
				1A7C3BEE2A26329900781D4B /* Release */,
			);
			defaultConfigurationIsVisible = 0;
			defaultConfigurationName = Release;
		};
/* End XCConfigurationList section */

/* Begin XCRemoteSwiftPackageReference section */
		1A7C3BF62A2646BA00781D4B /* XCRemoteSwiftPackageReference "SnapKit" */ = {
			isa = XCRemoteSwiftPackageReference;
			repositoryURL = "https://github.com/SnapKit/SnapKit.git";
			requirement = {
				branch = develop;
				kind = branch;
			};
		};
		1A7C3C002A264D2000781D4B /* XCRemoteSwiftPackageReference "Kingfisher" */ = {
			isa = XCRemoteSwiftPackageReference;
			repositoryURL = "https://github.com/onevcat/Kingfisher.git";
			requirement = {
				branch = master;
				kind = branch;
			};
		};
		1A7C3C032A264FAB00781D4B /* XCRemoteSwiftPackageReference "ObjectMapper" */ = {
			isa = XCRemoteSwiftPackageReference;
			repositoryURL = "https://github.com/tristanhimmelman/ObjectMapper.git";
			requirement = {
				kind = upToNextMajorVersion;
				minimumVersion = 4.0.0;
			};
		};
		1A7C3C072A26534800781D4B /* XCRemoteSwiftPackageReference "Moya" */ = {
			isa = XCRemoteSwiftPackageReference;
			repositoryURL = "https://github.com/Moya/Moya.git";
			requirement = {
				branch = master;
				kind = branch;
			};
		};
/* End XCRemoteSwiftPackageReference section */

/* Begin XCSwiftPackageProductDependency section */
		1A7C3BF72A2646BA00781D4B /* SnapKit */ = {
			isa = XCSwiftPackageProductDependency;
			package = 1A7C3BF62A2646BA00781D4B /* XCRemoteSwiftPackageReference "SnapKit" */;
			productName = SnapKit;
		};
		1A7C3C012A264D2000781D4B /* Kingfisher */ = {
			isa = XCSwiftPackageProductDependency;
			package = 1A7C3C002A264D2000781D4B /* XCRemoteSwiftPackageReference "Kingfisher" */;
			productName = Kingfisher;
		};
		1A7C3C042A264FAB00781D4B /* ObjectMapper */ = {
			isa = XCSwiftPackageProductDependency;
			package = 1A7C3C032A264FAB00781D4B /* XCRemoteSwiftPackageReference "ObjectMapper" */;
			productName = ObjectMapper;
		};
		1A7C3C082A26534800781D4B /* Moya */ = {
			isa = XCSwiftPackageProductDependency;
			package = 1A7C3C072A26534800781D4B /* XCRemoteSwiftPackageReference "Moya" */;
			productName = Moya;
		};
/* End XCSwiftPackageProductDependency section */
	};
	rootObject = 1A7C3BD02A26329800781D4B /* Project object */;
}
